
Microsoft Visual Studio Solution File, Format Version 12.00
# Visual Studio 15
VisualStudioVersion = 15.0.28307.329
MinimumVisualStudioVersion = 10.0.40219.1
Project("{FAE04EC0-301F-11D3-BF4B-00C04F79EFBC}") = "CashPrototype_v2.2.Web.Api", "CashPrototype_v2.2.Web.Api\CashPrototype_v2.2.Web.Api.csproj", "{B0CD3E3E-F586-4906-93BE-DCCDBF91E275}"
EndProject
Project("{FAE04EC0-301F-11D3-BF4B-00C04F79EFBC}") = "CashPrototype_v2.2.Web.Api.Infrastructure", "CashPrototype_v2.2.Web.Api.Infrastructure\CashPrototype_v2.2.Web.Api.Infrastructure.csproj", "{8BBD4904-8375-4675-823F-E2AE2D601CDE}"
EndProject
Project("{FAE04EC0-301F-11D3-BF4B-00C04F79EFBC}") = "CashPrototype_v2.2.Web.Api.Core", "CashPrototype_v2.2.Web.Api.Core\CashPrototype_v2.2.Web.Api.Core.csproj", "{13079BFB-E0E1-4D13-9358-CDE95A99A756}"
EndProject
Global
	GlobalSection(SolutionConfigurationPlatforms) = preSolution
		Debug|Any CPU = Debug|Any CPU
		Release|Any CPU = Release|Any CPU
	EndGlobalSection
	GlobalSection(ProjectConfigurationPlatforms) = postSolution
		{B0CD3E3E-F586-4906-93BE-DCCDBF91E275}.Debug|Any CPU.ActiveCfg = Debug|Any CPU
		{B0CD3E3E-F586-4906-93BE-DCCDBF91E275}.Debug|Any CPU.Build.0 = Debug|Any CPU
		{B0CD3E3E-F586-4906-93BE-DCCDBF91E275}.Release|Any CPU.ActiveCfg = Release|Any CPU
		{B0CD3E3E-F586-4906-93BE-DCCDBF91E275}.Release|Any CPU.Build.0 = Release|Any CPU
		{8BBD4904-8375-4675-823F-E2AE2D601CDE}.Debug|Any CPU.ActiveCfg = Debug|Any CPU
		{8BBD4904-8375-4675-823F-E2AE2D601CDE}.Debug|Any CPU.Build.0 = Debug|Any CPU
		{8BBD4904-8375-4675-823F-E2AE2D601CDE}.Release|Any CPU.ActiveCfg = Release|Any CPU
		{8BBD4904-8375-4675-823F-E2AE2D601CDE}.Release|Any CPU.Build.0 = Release|Any CPU
		{13079BFB-E0E1-4D13-9358-CDE95A99A756}.Debug|Any CPU.ActiveCfg = Debug|Any CPU
		{13079BFB-E0E1-4D13-9358-CDE95A99A756}.Debug|Any CPU.Build.0 = Debug|Any CPU
		{13079BFB-E0E1-4D13-9358-CDE95A99A756}.Release|Any CPU.ActiveCfg = Release|Any CPU
		{13079BFB-E0E1-4D13-9358-CDE95A99A756}.Release|Any CPU.Build.0 = Release|Any CPU
	EndGlobalSection
	GlobalSection(SolutionProperties) = preSolution
		HideSolutionNode = FALSE
	EndGlobalSection
	GlobalSection(ExtensibilityGlobals) = postSolution
		SolutionGuid = {D7D48F0C-7A67-49E4-A473-3BD3188D0EC4}
	EndGlobalSection
EndGlobal
